// !$*UTF8*$!
{
	archiveVersion = 1;
	classes = {
	};
	objectVersion = 55;
	objects = {

/* Begin PBXBuildFile section */
		6C4B465627D5DBD0003A3B28 /* PrepareClassInstance.swift in Sources */ = {isa = PBXBuildFile; fileRef = 6C4B465527D5DBD0003A3B28 /* PrepareClassInstance.swift */; };
		6C4B465927D5DC37003A3B28 /* RxCocoa in Frameworks */ = {isa = PBXBuildFile; productRef = 6C4B465827D5DC37003A3B28 /* RxCocoa */; };
		6C4B465B27D5DC37003A3B28 /* RxRelay in Frameworks */ = {isa = PBXBuildFile; productRef = 6C4B465A27D5DC37003A3B28 /* RxRelay */; };
		6C4B465D27D5DC37003A3B28 /* RxSwift in Frameworks */ = {isa = PBXBuildFile; productRef = 6C4B465C27D5DC37003A3B28 /* RxSwift */; };
		6C4B466027D5DC48003A3B28 /* SnapKit in Frameworks */ = {isa = PBXBuildFile; productRef = 6C4B465F27D5DC48003A3B28 /* SnapKit */; };
		6C4B466427D5DCC4003A3B28 /* AppCoordinator.swift in Sources */ = {isa = PBXBuildFile; fileRef = 6C4B466327D5DCC4003A3B28 /* AppCoordinator.swift */; };
		6C4B466627D5DCCC003A3B28 /* Coordinator.swift in Sources */ = {isa = PBXBuildFile; fileRef = 6C4B466527D5DCCC003A3B28 /* Coordinator.swift */; };
		6C4B466827D5DCF9003A3B28 /* MainCoordinator.swift in Sources */ = {isa = PBXBuildFile; fileRef = 6C4B466727D5DCF9003A3B28 /* MainCoordinator.swift */; };
		6C4B466E27D5DD64003A3B28 /* CoordinatorPrototype.swift in Sources */ = {isa = PBXBuildFile; fileRef = 6C4B466D27D5DD64003A3B28 /* CoordinatorPrototype.swift */; };
		6C4B467027D5DDE0003A3B28 /* MainViewController.swift in Sources */ = {isa = PBXBuildFile; fileRef = 6C4B466F27D5DDE0003A3B28 /* MainViewController.swift */; };
		6C4B467227D5DDF4003A3B28 /* MainViewModel.swift in Sources */ = {isa = PBXBuildFile; fileRef = 6C4B467127D5DDF4003A3B28 /* MainViewModel.swift */; };
		6C4B468427D5F844003A3B28 /* BoundingBoxView.swift in Sources */ = {isa = PBXBuildFile; fileRef = 6C4B467F27D5F429003A3B28 /* BoundingBoxView.swift */; };
		6C4B468727D5F8BF003A3B28 /* MobileNetV2_SSDLite.mlmodel in Sources */ = {isa = PBXBuildFile; fileRef = 6C4B466127D5DC70003A3B28 /* MobileNetV2_SSDLite.mlmodel */; };
		6C697DEF27D5DB2000412D1B /* AppDelegate.swift in Sources */ = {isa = PBXBuildFile; fileRef = 6C697DEE27D5DB2000412D1B /* AppDelegate.swift */; };
		6C697DF127D5DB2000412D1B /* SceneDelegate.swift in Sources */ = {isa = PBXBuildFile; fileRef = 6C697DF027D5DB2000412D1B /* SceneDelegate.swift */; };
		6C697DF827D5DB2100412D1B /* Assets.xcassets in Resources */ = {isa = PBXBuildFile; fileRef = 6C697DF727D5DB2100412D1B /* Assets.xcassets */; };
		6C697DFB27D5DB2100412D1B /* LaunchScreen.storyboard in Resources */ = {isa = PBXBuildFile; fileRef = 6C697DF927D5DB2100412D1B /* LaunchScreen.storyboard */; };
		6C700F9627D8A89200C75955 /* sample.mp4 in Resources */ = {isa = PBXBuildFile; fileRef = 6C700F9527D8A89200C75955 /* sample.mp4 */; };
		6CE9DB1F27D83623000E6B80 /* ODNavigationController.swift in Sources */ = {isa = PBXBuildFile; fileRef = 6CE9DB1E27D83623000E6B80 /* ODNavigationController.swift */; };
		6CE9DB2227D836FC000E6B80 /* UIImage+Extension.swift in Sources */ = {isa = PBXBuildFile; fileRef = 6CE9DB2127D836FC000E6B80 /* UIImage+Extension.swift */; };
		6CE9DB2527D86180000E6B80 /* VideoCapture.swift in Sources */ = {isa = PBXBuildFile; fileRef = 6CE9DB2427D86180000E6B80 /* VideoCapture.swift */; };
		6CE9DB2727D8825A000E6B80 /* VideoClipCollectionViewCellConfigure.swift in Sources */ = {isa = PBXBuildFile; fileRef = 6CE9DB2627D8825A000E6B80 /* VideoClipCollectionViewCellConfigure.swift */; };
		6CE9DB2927D882E0000E6B80 /* VideoClipCollectionViewCell.swift in Sources */ = {isa = PBXBuildFile; fileRef = 6CE9DB2827D882E0000E6B80 /* VideoClipCollectionViewCell.swift */; };
		6CE9DB2B27D885C9000E6B80 /* UICollectionView+Extension.swift in Sources */ = {isa = PBXBuildFile; fileRef = 6CE9DB2A27D885C9000E6B80 /* UICollectionView+Extension.swift */; };
		6CE9DB2D27D887AE000E6B80 /* VideoClipModel.swift in Sources */ = {isa = PBXBuildFile; fileRef = 6CE9DB2C27D887AE000E6B80 /* VideoClipModel.swift */; };
		6CE9DB2F27D8889D000E6B80 /* VideoClipDataStorageHelper.swift in Sources */ = {isa = PBXBuildFile; fileRef = 6CE9DB2E27D8889D000E6B80 /* VideoClipDataStorageHelper.swift */; };
/* End PBXBuildFile section */

/* Begin PBXFileReference section */
		6C4B465527D5DBD0003A3B28 /* PrepareClassInstance.swift */ = {isa = PBXFileReference; lastKnownFileType = sourcecode.swift; path = PrepareClassInstance.swift; sourceTree = "<group>"; };
		6C4B466127D5DC70003A3B28 /* MobileNetV2_SSDLite.mlmodel */ = {isa = PBXFileReference; lastKnownFileType = file.mlmodel; path = MobileNetV2_SSDLite.mlmodel; sourceTree = "<group>"; };
		6C4B466327D5DCC4003A3B28 /* AppCoordinator.swift */ = {isa = PBXFileReference; lastKnownFileType = sourcecode.swift; path = AppCoordinator.swift; sourceTree = "<group>"; };
		6C4B466527D5DCCC003A3B28 /* Coordinator.swift */ = {isa = PBXFileReference; lastKnownFileType = sourcecode.swift; path = Coordinator.swift; sourceTree = "<group>"; };
		6C4B466727D5DCF9003A3B28 /* MainCoordinator.swift */ = {isa = PBXFileReference; lastKnownFileType = sourcecode.swift; path = MainCoordinator.swift; sourceTree = "<group>"; };
		6C4B466D27D5DD64003A3B28 /* CoordinatorPrototype.swift */ = {isa = PBXFileReference; lastKnownFileType = sourcecode.swift; path = CoordinatorPrototype.swift; sourceTree = "<group>"; };
		6C4B466F27D5DDE0003A3B28 /* MainViewController.swift */ = {isa = PBXFileReference; lastKnownFileType = sourcecode.swift; path = MainViewController.swift; sourceTree = "<group>"; };
		6C4B467127D5DDF4003A3B28 /* MainViewModel.swift */ = {isa = PBXFileReference; lastKnownFileType = sourcecode.swift; path = MainViewModel.swift; sourceTree = "<group>"; };
		6C4B467F27D5F429003A3B28 /* BoundingBoxView.swift */ = {isa = PBXFileReference; lastKnownFileType = sourcecode.swift; path = BoundingBoxView.swift; sourceTree = "<group>"; };
		6C697DEB27D5DB2000412D1B /* ObjectDetection.app */ = {isa = PBXFileReference; explicitFileType = wrapper.application; includeInIndex = 0; path = ObjectDetection.app; sourceTree = BUILT_PRODUCTS_DIR; };
		6C697DEE27D5DB2000412D1B /* AppDelegate.swift */ = {isa = PBXFileReference; lastKnownFileType = sourcecode.swift; path = AppDelegate.swift; sourceTree = "<group>"; };
		6C697DF027D5DB2000412D1B /* SceneDelegate.swift */ = {isa = PBXFileReference; lastKnownFileType = sourcecode.swift; path = SceneDelegate.swift; sourceTree = "<group>"; };
		6C697DF727D5DB2100412D1B /* Assets.xcassets */ = {isa = PBXFileReference; lastKnownFileType = folder.assetcatalog; path = Assets.xcassets; sourceTree = "<group>"; };
		6C697DFA27D5DB2100412D1B /* Base */ = {isa = PBXFileReference; lastKnownFileType = file.storyboard; name = Base; path = Base.lproj/LaunchScreen.storyboard; sourceTree = "<group>"; };
		6C697DFC27D5DB2100412D1B /* Info.plist */ = {isa = PBXFileReference; lastKnownFileType = text.plist.xml; path = Info.plist; sourceTree = "<group>"; };
		6C700F9527D8A89200C75955 /* sample.mp4 */ = {isa = PBXFileReference; lastKnownFileType = file; path = sample.mp4; sourceTree = "<group>"; };
		6CE9DB1E27D83623000E6B80 /* ODNavigationController.swift */ = {isa = PBXFileReference; lastKnownFileType = sourcecode.swift; path = ODNavigationController.swift; sourceTree = "<group>"; };
		6CE9DB2127D836FC000E6B80 /* UIImage+Extension.swift */ = {isa = PBXFileReference; lastKnownFileType = sourcecode.swift; path = "UIImage+Extension.swift"; sourceTree = "<group>"; };
		6CE9DB2427D86180000E6B80 /* VideoCapture.swift */ = {isa = PBXFileReference; lastKnownFileType = sourcecode.swift; path = VideoCapture.swift; sourceTree = "<group>"; };
		6CE9DB2627D8825A000E6B80 /* VideoClipCollectionViewCellConfigure.swift */ = {isa = PBXFileReference; lastKnownFileType = sourcecode.swift; path = VideoClipCollectionViewCellConfigure.swift; sourceTree = "<group>"; };
		6CE9DB2827D882E0000E6B80 /* VideoClipCollectionViewCell.swift */ = {isa = PBXFileReference; lastKnownFileType = sourcecode.swift; path = VideoClipCollectionViewCell.swift; sourceTree = "<group>"; };
		6CE9DB2A27D885C9000E6B80 /* UICollectionView+Extension.swift */ = {isa = PBXFileReference; lastKnownFileType = sourcecode.swift; path = "UICollectionView+Extension.swift"; sourceTree = "<group>"; };
		6CE9DB2C27D887AE000E6B80 /* VideoClipModel.swift */ = {isa = PBXFileReference; lastKnownFileType = sourcecode.swift; path = VideoClipModel.swift; sourceTree = "<group>"; };
		6CE9DB2E27D8889D000E6B80 /* VideoClipDataStorageHelper.swift */ = {isa = PBXFileReference; lastKnownFileType = sourcecode.swift; path = VideoClipDataStorageHelper.swift; sourceTree = "<group>"; };
/* End PBXFileReference section */

/* Begin PBXFrameworksBuildPhase section */
		6C697DE827D5DB2000412D1B /* Frameworks */ = {
			isa = PBXFrameworksBuildPhase;
			buildActionMask = 2147483647;
			files = (
				6C4B465D27D5DC37003A3B28 /* RxSwift in Frameworks */,
				6C4B466027D5DC48003A3B28 /* SnapKit in Frameworks */,
				6C4B465B27D5DC37003A3B28 /* RxRelay in Frameworks */,
				6C4B465927D5DC37003A3B28 /* RxCocoa in Frameworks */,
			);
			runOnlyForDeploymentPostprocessing = 0;
		};
/* End PBXFrameworksBuildPhase section */

/* Begin PBXGroup section */
		6C4B464F27D5DB7B003A3B28 /* App */ = {
			isa = PBXGroup;
			children = (
				6C697DEE27D5DB2000412D1B /* AppDelegate.swift */,
				6C697DF727D5DB2100412D1B /* Assets.xcassets */,
				6C697DFC27D5DB2100412D1B /* Info.plist */,
				6C697DF927D5DB2100412D1B /* LaunchScreen.storyboard */,
				6C697DF027D5DB2000412D1B /* SceneDelegate.swift */,
			);
			path = App;
			sourceTree = "<group>";
		};
		6C4B465027D5DBA2003A3B28 /* Resources */ = {
			isa = PBXGroup;
			children = (
				6C700F9527D8A89200C75955 /* sample.mp4 */,
				6C4B466127D5DC70003A3B28 /* MobileNetV2_SSDLite.mlmodel */,
			);
			path = Resources;
			sourceTree = "<group>";
		};
		6C4B465127D5DBAA003A3B28 /* Views */ = {
			isa = PBXGroup;
			children = (
				6C4B467327D5E4E4003A3B28 /* Subviews */,
				6C4B466F27D5DDE0003A3B28 /* MainViewController.swift */,
			);
			path = Views;
			sourceTree = "<group>";
		};
		6C4B465227D5DBB0003A3B28 /* ViewModels */ = {
			isa = PBXGroup;
			children = (
				6C4B467127D5DDF4003A3B28 /* MainViewModel.swift */,
			);
			path = ViewModels;
			sourceTree = "<group>";
		};
		6C4B465427D5DBBD003A3B28 /* Utilities */ = {
			isa = PBXGroup;
			children = (
				6CE9DB2027D836DB000E6B80 /* Extension */,
				6C4B465527D5DBD0003A3B28 /* PrepareClassInstance.swift */,
				6CE9DB1E27D83623000E6B80 /* ODNavigationController.swift */,
				6CE9DB2E27D8889D000E6B80 /* VideoClipDataStorageHelper.swift */,
			);
			path = Utilities;
			sourceTree = "<group>";
		};
		6C4B466227D5DCB6003A3B28 /* Coordinators */ = {
			isa = PBXGroup;
			children = (
				6C4B466327D5DCC4003A3B28 /* AppCoordinator.swift */,
				6C4B466527D5DCCC003A3B28 /* Coordinator.swift */,
				6C4B466D27D5DD64003A3B28 /* CoordinatorPrototype.swift */,
				6C4B466727D5DCF9003A3B28 /* MainCoordinator.swift */,
			);
			path = Coordinators;
			sourceTree = "<group>";
		};
		6C4B467327D5E4E4003A3B28 /* Subviews */ = {
			isa = PBXGroup;
			children = (
				6CE9DB2627D8825A000E6B80 /* VideoClipCollectionViewCellConfigure.swift */,
				6CE9DB2827D882E0000E6B80 /* VideoClipCollectionViewCell.swift */,
				6C4B467F27D5F429003A3B28 /* BoundingBoxView.swift */,
			);
			path = Subviews;
			sourceTree = "<group>";
		};
		6C697DE227D5DB2000412D1B = {
			isa = PBXGroup;
			children = (
				6C697DED27D5DB2000412D1B /* ObjectDetection */,
				6C697DEC27D5DB2000412D1B /* Products */,
			);
			sourceTree = "<group>";
		};
		6C697DEC27D5DB2000412D1B /* Products */ = {
			isa = PBXGroup;
			children = (
				6C697DEB27D5DB2000412D1B /* ObjectDetection.app */,
			);
			name = Products;
			sourceTree = "<group>";
		};
		6C697DED27D5DB2000412D1B /* ObjectDetection */ = {
			isa = PBXGroup;
			children = (
				6C4B464F27D5DB7B003A3B28 /* App */,
				6C4B466227D5DCB6003A3B28 /* Coordinators */,
				6CE9DB2327D8616D000E6B80 /* Models */,
				6C4B465027D5DBA2003A3B28 /* Resources */,
				6C4B465427D5DBBD003A3B28 /* Utilities */,
				6C4B465227D5DBB0003A3B28 /* ViewModels */,
				6C4B465127D5DBAA003A3B28 /* Views */,
			);
			path = ObjectDetection;
			sourceTree = "<group>";
		};
		6CE9DB2027D836DB000E6B80 /* Extension */ = {
			isa = PBXGroup;
			children = (
				6CE9DB2127D836FC000E6B80 /* UIImage+Extension.swift */,
				6CE9DB2A27D885C9000E6B80 /* UICollectionView+Extension.swift */,
			);
			path = Extension;
			sourceTree = "<group>";
		};
		6CE9DB2327D8616D000E6B80 /* Models */ = {
			isa = PBXGroup;
			children = (
				6CE9DB2427D86180000E6B80 /* VideoCapture.swift */,
				6CE9DB2C27D887AE000E6B80 /* VideoClipModel.swift */,
			);
			path = Models;
			sourceTree = "<group>";
		};
/* End PBXGroup section */

/* Begin PBXNativeTarget section */
		6C697DEA27D5DB2000412D1B /* ObjectDetection */ = {
			isa = PBXNativeTarget;
			buildConfigurationList = 6C697DFF27D5DB2100412D1B /* Build configuration list for PBXNativeTarget "ObjectDetection" */;
			buildPhases = (
				6C697DE727D5DB2000412D1B /* Sources */,
				6C697DE827D5DB2000412D1B /* Frameworks */,
				6C697DE927D5DB2000412D1B /* Resources */,
			);
			buildRules = (
			);
			dependencies = (
			);
			name = ObjectDetection;
			packageProductDependencies = (
				6C4B465827D5DC37003A3B28 /* RxCocoa */,
				6C4B465A27D5DC37003A3B28 /* RxRelay */,
				6C4B465C27D5DC37003A3B28 /* RxSwift */,
				6C4B465F27D5DC48003A3B28 /* SnapKit */,
			);
			productName = ObjectDetection;
			productReference = 6C697DEB27D5DB2000412D1B /* ObjectDetection.app */;
			productType = "com.apple.product-type.application";
		};
/* End PBXNativeTarget section */

/* Begin PBXProject section */
		6C697DE327D5DB2000412D1B /* Project object */ = {
			isa = PBXProject;
			attributes = {
				BuildIndependentTargetsInParallel = 1;
				LastSwiftUpdateCheck = 1320;
				LastUpgradeCheck = 1320;
				TargetAttributes = {
					6C697DEA27D5DB2000412D1B = {
						CreatedOnToolsVersion = 13.2.1;
					};
				};
			};
			buildConfigurationList = 6C697DE627D5DB2000412D1B /* Build configuration list for PBXProject "ObjectDetection" */;
			compatibilityVersion = "Xcode 13.0";
			developmentRegion = en;
			hasScannedForEncodings = 0;
			knownRegions = (
				en,
				Base,
			);
			mainGroup = 6C697DE227D5DB2000412D1B;
			packageReferences = (
				6C4B465727D5DC37003A3B28 /* XCRemoteSwiftPackageReference "RxSwift" */,
				6C4B465E27D5DC48003A3B28 /* XCRemoteSwiftPackageReference "SnapKit" */,
			);
			productRefGroup = 6C697DEC27D5DB2000412D1B /* Products */;
			projectDirPath = "";
			projectRoot = "";
			targets = (
				6C697DEA27D5DB2000412D1B /* ObjectDetection */,
			);
		};
/* End PBXProject section */

/* Begin PBXResourcesBuildPhase section */
		6C697DE927D5DB2000412D1B /* Resources */ = {
			isa = PBXResourcesBuildPhase;
			buildActionMask = 2147483647;
			files = (
				6C697DFB27D5DB2100412D1B /* LaunchScreen.storyboard in Resources */,
				6C700F9627D8A89200C75955 /* sample.mp4 in Resources */,
				6C697DF827D5DB2100412D1B /* Assets.xcassets in Resources */,
			);
			runOnlyForDeploymentPostprocessing = 0;
		};
/* End PBXResourcesBuildPhase section */

/* Begin PBXSourcesBuildPhase section */
		6C697DE727D5DB2000412D1B /* Sources */ = {
			isa = PBXSourcesBuildPhase;
			buildActionMask = 2147483647;
			files = (
				6CE9DB2227D836FC000E6B80 /* UIImage+Extension.swift in Sources */,
				6C4B467027D5DDE0003A3B28 /* MainViewController.swift in Sources */,
				6CE9DB2727D8825A000E6B80 /* VideoClipCollectionViewCellConfigure.swift in Sources */,
				6C4B468727D5F8BF003A3B28 /* MobileNetV2_SSDLite.mlmodel in Sources */,
				6C4B466827D5DCF9003A3B28 /* MainCoordinator.swift in Sources */,
				6C697DEF27D5DB2000412D1B /* AppDelegate.swift in Sources */,
				6CE9DB2927D882E0000E6B80 /* VideoClipCollectionViewCell.swift in Sources */,
				6C4B466627D5DCCC003A3B28 /* Coordinator.swift in Sources */,
				6C4B468427D5F844003A3B28 /* BoundingBoxView.swift in Sources */,
				6CE9DB2D27D887AE000E6B80 /* VideoClipModel.swift in Sources */,
				6CE9DB2F27D8889D000E6B80 /* VideoClipDataStorageHelper.swift in Sources */,
				6C4B466427D5DCC4003A3B28 /* AppCoordinator.swift in Sources */,
				6CE9DB2527D86180000E6B80 /* VideoCapture.swift in Sources */,
				6C4B466E27D5DD64003A3B28 /* CoordinatorPrototype.swift in Sources */,
				6CE9DB2B27D885C9000E6B80 /* UICollectionView+Extension.swift in Sources */,
				6C697DF127D5DB2000412D1B /* SceneDelegate.swift in Sources */,
				6C4B465627D5DBD0003A3B28 /* PrepareClassInstance.swift in Sources */,
				6CE9DB1F27D83623000E6B80 /* ODNavigationController.swift in Sources */,
				6C4B467227D5DDF4003A3B28 /* MainViewModel.swift in Sources */,
			);
			runOnlyForDeploymentPostprocessing = 0;
		};
/* End PBXSourcesBuildPhase section */

/* Begin PBXVariantGroup section */
		6C697DF927D5DB2100412D1B /* LaunchScreen.storyboard */ = {
			isa = PBXVariantGroup;
			children = (
				6C697DFA27D5DB2100412D1B /* Base */,
			);
			name = LaunchScreen.storyboard;
			sourceTree = "<group>";
		};
/* End PBXVariantGroup section */

/* Begin XCBuildConfiguration section */
		6C697DFD27D5DB2100412D1B /* Debug */ = {
			isa = XCBuildConfiguration;
			buildSettings = {
				ALWAYS_SEARCH_USER_PATHS = NO;
				CLANG_ANALYZER_NONNULL = YES;
				CLANG_ANALYZER_NUMBER_OBJECT_CONVERSION = YES_AGGRESSIVE;
				CLANG_CXX_LANGUAGE_STANDARD = "gnu++17";
				CLANG_CXX_LIBRARY = "libc++";
				CLANG_ENABLE_MODULES = YES;
				CLANG_ENABLE_OBJC_ARC = YES;
				CLANG_ENABLE_OBJC_WEAK = YES;
				CLANG_WARN_BLOCK_CAPTURE_AUTORELEASING = YES;
				CLANG_WARN_BOOL_CONVERSION = YES;
				CLANG_WARN_COMMA = YES;
				CLANG_WARN_CONSTANT_CONVERSION = YES;
				CLANG_WARN_DEPRECATED_OBJC_IMPLEMENTATIONS = YES;
				CLANG_WARN_DIRECT_OBJC_ISA_USAGE = YES_ERROR;
				CLANG_WARN_DOCUMENTATION_COMMENTS = YES;
				CLANG_WARN_EMPTY_BODY = YES;
				CLANG_WARN_ENUM_CONVERSION = YES;
				CLANG_WARN_INFINITE_RECURSION = YES;
				CLANG_WARN_INT_CONVERSION = YES;
				CLANG_WARN_NON_LITERAL_NULL_CONVERSION = YES;
				CLANG_WARN_OBJC_IMPLICIT_RETAIN_SELF = YES;
				CLANG_WARN_OBJC_LITERAL_CONVERSION = YES;
				CLANG_WARN_OBJC_ROOT_CLASS = YES_ERROR;
				CLANG_WARN_QUOTED_INCLUDE_IN_FRAMEWORK_HEADER = YES;
				CLANG_WARN_RANGE_LOOP_ANALYSIS = YES;
				CLANG_WARN_STRICT_PROTOTYPES = YES;
				CLANG_WARN_SUSPICIOUS_MOVE = YES;
				CLANG_WARN_UNGUARDED_AVAILABILITY = YES_AGGRESSIVE;
				CLANG_WARN_UNREACHABLE_CODE = YES;
				CLANG_WARN__DUPLICATE_METHOD_MATCH = YES;
				COPY_PHASE_STRIP = NO;
				DEBUG_INFORMATION_FORMAT = dwarf;
				ENABLE_STRICT_OBJC_MSGSEND = YES;
				ENABLE_TESTABILITY = YES;
				GCC_C_LANGUAGE_STANDARD = gnu11;
				GCC_DYNAMIC_NO_PIC = NO;
				GCC_NO_COMMON_BLOCKS = YES;
				GCC_OPTIMIZATION_LEVEL = 0;
				GCC_PREPROCESSOR_DEFINITIONS = (
					"DEBUG=1",
					"$(inherited)",
				);
				GCC_WARN_64_TO_32_BIT_CONVERSION = YES;
				GCC_WARN_ABOUT_RETURN_TYPE = YES_ERROR;
				GCC_WARN_UNDECLARED_SELECTOR = YES;
				GCC_WARN_UNINITIALIZED_AUTOS = YES_AGGRESSIVE;
				GCC_WARN_UNUSED_FUNCTION = YES;
				GCC_WARN_UNUSED_VARIABLE = YES;
				IPHONEOS_DEPLOYMENT_TARGET = 14.0;
				MTL_ENABLE_DEBUG_INFO = INCLUDE_SOURCE;
				MTL_FAST_MATH = YES;
				ONLY_ACTIVE_ARCH = YES;
				SDKROOT = iphoneos;
				SWIFT_ACTIVE_COMPILATION_CONDITIONS = DEBUG;
				SWIFT_OPTIMIZATION_LEVEL = "-Onone";
			};
			name = Debug;
		};
		6C697DFE27D5DB2100412D1B /* Release */ = {
			isa = XCBuildConfiguration;
			buildSettings = {
				ALWAYS_SEARCH_USER_PATHS = NO;
				CLANG_ANALYZER_NONNULL = YES;
				CLANG_ANALYZER_NUMBER_OBJECT_CONVERSION = YES_AGGRESSIVE;
				CLANG_CXX_LANGUAGE_STANDARD = "gnu++17";
				CLANG_CXX_LIBRARY = "libc++";
				CLANG_ENABLE_MODULES = YES;
				CLANG_ENABLE_OBJC_ARC = YES;
				CLANG_ENABLE_OBJC_WEAK = YES;
				CLANG_WARN_BLOCK_CAPTURE_AUTORELEASING = YES;
				CLANG_WARN_BOOL_CONVERSION = YES;
				CLANG_WARN_COMMA = YES;
				CLANG_WARN_CONSTANT_CONVERSION = YES;
				CLANG_WARN_DEPRECATED_OBJC_IMPLEMENTATIONS = YES;
				CLANG_WARN_DIRECT_OBJC_ISA_USAGE = YES_ERROR;
				CLANG_WARN_DOCUMENTATION_COMMENTS = YES;
				CLANG_WARN_EMPTY_BODY = YES;
				CLANG_WARN_ENUM_CONVERSION = YES;
				CLANG_WARN_INFINITE_RECURSION = YES;
				CLANG_WARN_INT_CONVERSION = YES;
				CLANG_WARN_NON_LITERAL_NULL_CONVERSION = YES;
				CLANG_WARN_OBJC_IMPLICIT_RETAIN_SELF = YES;
				CLANG_WARN_OBJC_LITERAL_CONVERSION = YES;
				CLANG_WARN_OBJC_ROOT_CLASS = YES_ERROR;
				CLANG_WARN_QUOTED_INCLUDE_IN_FRAMEWORK_HEADER = YES;
				CLANG_WARN_RANGE_LOOP_ANALYSIS = YES;
				CLANG_WARN_STRICT_PROTOTYPES = YES;
				CLANG_WARN_SUSPICIOUS_MOVE = YES;
				CLANG_WARN_UNGUARDED_AVAILABILITY = YES_AGGRESSIVE;
				CLANG_WARN_UNREACHABLE_CODE = YES;
				CLANG_WARN__DUPLICATE_METHOD_MATCH = YES;
				COPY_PHASE_STRIP = NO;
				DEBUG_INFORMATION_FORMAT = "dwarf-with-dsym";
				ENABLE_NS_ASSERTIONS = NO;
				ENABLE_STRICT_OBJC_MSGSEND = YES;
				GCC_C_LANGUAGE_STANDARD = gnu11;
				GCC_NO_COMMON_BLOCKS = YES;
				GCC_WARN_64_TO_32_BIT_CONVERSION = YES;
				GCC_WARN_ABOUT_RETURN_TYPE = YES_ERROR;
				GCC_WARN_UNDECLARED_SELECTOR = YES;
				GCC_WARN_UNINITIALIZED_AUTOS = YES_AGGRESSIVE;
				GCC_WARN_UNUSED_FUNCTION = YES;
				GCC_WARN_UNUSED_VARIABLE = YES;
				IPHONEOS_DEPLOYMENT_TARGET = 14.0;
				MTL_ENABLE_DEBUG_INFO = NO;
				MTL_FAST_MATH = YES;
				SDKROOT = iphoneos;
				SWIFT_COMPILATION_MODE = wholemodule;
				SWIFT_OPTIMIZATION_LEVEL = "-O";
				VALIDATE_PRODUCT = YES;
			};
			name = Release;
		};
		6C697E0027D5DB2100412D1B /* Debug */ = {
			isa = XCBuildConfiguration;
			buildSettings = {
				ASSETCATALOG_COMPILER_APPICON_NAME = AppIcon;
				ASSETCATALOG_COMPILER_GLOBAL_ACCENT_COLOR_NAME = AccentColor;
				CODE_SIGN_STYLE = Automatic;
				CURRENT_PROJECT_VERSION = 1;
				DEVELOPMENT_TEAM = 7Q5RHWM5U8;
				GENERATE_INFOPLIST_FILE = YES;
				INFOPLIST_FILE = ObjectDetection/App/Info.plist;
				INFOPLIST_KEY_NSCameraUsageDescription = "Point the camera at things!";
				INFOPLIST_KEY_UIApplicationSupportsIndirectInputEvents = YES;
				INFOPLIST_KEY_UILaunchStoryboardName = LaunchScreen;
				INFOPLIST_KEY_UISupportedInterfaceOrientations = UIInterfaceOrientationPortrait;
				INFOPLIST_KEY_UISupportedInterfaceOrientations_iPad = "UIInterfaceOrientationPortrait UIInterfaceOrientationPortraitUpsideDown UIInterfaceOrientationLandscapeLeft UIInterfaceOrientationLandscapeRight";
				INFOPLIST_KEY_UISupportedInterfaceOrientations_iPhone = "UIInterfaceOrientationPortrait UIInterfaceOrientationLandscapeLeft UIInterfaceOrientationLandscapeRight";
				LD_RUNPATH_SEARCH_PATHS = (
					"$(inherited)",
					"@executable_path/Frameworks",
				);
				MARKETING_VERSION = 1.0;
				PRODUCT_BUNDLE_IDENTIFIER = app.shrimpstudio.ObjectDetection;
				PRODUCT_NAME = "$(TARGET_NAME)";
				SWIFT_EMIT_LOC_STRINGS = YES;
				SWIFT_VERSION = 5.0;
				TARGETED_DEVICE_FAMILY = "1,2";
			};
			name = Debug;
		};
		6C697E0127D5DB2100412D1B /* Release */ = {
			isa = XCBuildConfiguration;
			buildSettings = {
				ASSETCATALOG_COMPILER_APPICON_NAME = AppIcon;
				ASSETCATALOG_COMPILER_GLOBAL_ACCENT_COLOR_NAME = AccentColor;
				CODE_SIGN_STYLE = Automatic;
				CURRENT_PROJECT_VERSION = 1;
				DEVELOPMENT_TEAM = 7Q5RHWM5U8;
				GENERATE_INFOPLIST_FILE = YES;
				INFOPLIST_FILE = ObjectDetection/App/Info.plist;
				INFOPLIST_KEY_NSCameraUsageDescription = "Point the camera at things!";
				INFOPLIST_KEY_UIApplicationSupportsIndirectInputEvents = YES;
				INFOPLIST_KEY_UILaunchStoryboardName = LaunchScreen;
				INFOPLIST_KEY_UISupportedInterfaceOrientations = UIInterfaceOrientationPortrait;
				INFOPLIST_KEY_UISupportedInterfaceOrientations_iPad = "UIInterfaceOrientationPortrait UIInterfaceOrientationPortraitUpsideDown UIInterfaceOrientationLandscapeLeft UIInterfaceOrientationLandscapeRight";
				INFOPLIST_KEY_UISupportedInterfaceOrientations_iPhone = "UIInterfaceOrientationPortrait UIInterfaceOrientationLandscapeLeft UIInterfaceOrientationLandscapeRight";
				LD_RUNPATH_SEARCH_PATHS = (
					"$(inherited)",
					"@executable_path/Frameworks",
				);
				MARKETING_VERSION = 1.0;
				PRODUCT_BUNDLE_IDENTIFIER = app.shrimpstudio.ObjectDetection;
				PRODUCT_NAME = "$(TARGET_NAME)";
				SWIFT_EMIT_LOC_STRINGS = YES;
				SWIFT_VERSION = 5.0;
				TARGETED_DEVICE_FAMILY = "1,2";
			};
			name = Release;
		};
/* End XCBuildConfiguration section */

/* Begin XCConfigurationList section */
		6C697DE627D5DB2000412D1B /* Build configuration list for PBXProject "ObjectDetection" */ = {
			isa = XCConfigurationList;
			buildConfigurations = (
				6C697DFD27D5DB2100412D1B /* Debug */,
				6C697DFE27D5DB2100412D1B /* Release */,
			);
			defaultConfigurationIsVisible = 0;
			defaultConfigurationName = Release;
		};
		6C697DFF27D5DB2100412D1B /* Build configuration list for PBXNativeTarget "ObjectDetection" */ = {
			isa = XCConfigurationList;
			buildConfigurations = (
				6C697E0027D5DB2100412D1B /* Debug */,
				6C697E0127D5DB2100412D1B /* Release */,
			);
			defaultConfigurationIsVisible = 0;
			defaultConfigurationName = Release;
		};
/* End XCConfigurationList section */

/* Begin XCRemoteSwiftPackageReference section */
		6C4B465727D5DC37003A3B28 /* XCRemoteSwiftPackageReference "RxSwift" */ = {
			isa = XCRemoteSwiftPackageReference;
			repositoryURL = "https://github.com/ReactiveX/RxSwift";
			requirement = {
				kind = upToNextMajorVersion;
				minimumVersion = 6.2.0;
			};
		};
		6C4B465E27D5DC48003A3B28 /* XCRemoteSwiftPackageReference "SnapKit" */ = {
			isa = XCRemoteSwiftPackageReference;
			repositoryURL = "https://github.com/SnapKit/SnapKit.git";
			requirement = {
				kind = upToNextMajorVersion;
				minimumVersion = 5.0.0;
			};
		};
/* End XCRemoteSwiftPackageReference section */

/* Begin XCSwiftPackageProductDependency section */
		6C4B465827D5DC37003A3B28 /* RxCocoa */ = {
			isa = XCSwiftPackageProductDependency;
			package = 6C4B465727D5DC37003A3B28 /* XCRemoteSwiftPackageReference "RxSwift" */;
			productName = RxCocoa;
		};
		6C4B465A27D5DC37003A3B28 /* RxRelay */ = {
			isa = XCSwiftPackageProductDependency;
			package = 6C4B465727D5DC37003A3B28 /* XCRemoteSwiftPackageReference "RxSwift" */;
			productName = RxRelay;
		};
		6C4B465C27D5DC37003A3B28 /* RxSwift */ = {
			isa = XCSwiftPackageProductDependency;
			package = 6C4B465727D5DC37003A3B28 /* XCRemoteSwiftPackageReference "RxSwift" */;
			productName = RxSwift;
		};
		6C4B465F27D5DC48003A3B28 /* SnapKit */ = {
			isa = XCSwiftPackageProductDependency;
			package = 6C4B465E27D5DC48003A3B28 /* XCRemoteSwiftPackageReference "SnapKit" */;
			productName = SnapKit;
		};
/* End XCSwiftPackageProductDependency section */
	};
	rootObject = 6C697DE327D5DB2000412D1B /* Project object */;
}
